{
  "version": "4",
  "specifiers": {
    "jsr:@deno/cache-dir@0.8": "0.8.0",
    "jsr:@deno/dnt@~0.41.1": "0.41.1",
    "jsr:@deno/graph@~0.69.7": "0.69.7",
    "jsr:@std/assert@^1.0.8": "1.0.8",
    "jsr:@std/assert@~0.218.2": "0.218.2",
    "jsr:@std/bytes@~0.218.2": "0.218.2",
    "jsr:@std/data-structures@^1.0.4": "1.0.4",
    "jsr:@std/expect@^1.0.8": "1.0.8",
    "jsr:@std/fmt@~0.218.2": "0.218.2",
    "jsr:@std/fs@^1.0.5": "1.0.5",
    "jsr:@std/fs@~0.218.2": "0.218.2",
    "jsr:@std/internal@^1.0.5": "1.0.5",
    "jsr:@std/io@~0.218.2": "0.218.2",
    "jsr:@std/path@^1.0.7": "1.0.8",
    "jsr:@std/path@^1.0.8": "1.0.8",
    "jsr:@std/path@~0.218.2": "0.218.2",
    "jsr:@std/testing@^1.0.5": "1.0.5",
    "npm:@ts-morph/bootstrap@0.22": "0.22.0",
    "npm:@types/react@*": "18.2.73",
    "npm:@types/react@18": "18.2.73",
    "npm:@types/react@^18.3.12": "18.3.12",
    "npm:code-block-writer@^13.0.1": "13.0.1",
    "npm:react@18": "18.2.0"
  },
  "jsr": {
    "@deno/cache-dir@0.8.0": {
      "integrity": "e87e80a404958f6350d903e6238b72afb92468378b0b32111f7a1e4916ac7fe7",
      "dependencies": [
        "jsr:@deno/graph",
        "jsr:@std/fmt",
        "jsr:@std/fs@~0.218.2",
        "jsr:@std/io",
        "jsr:@std/path@~0.218.2"
      ]
    },
    "@deno/dnt@0.41.1": {
      "integrity": "8746a773e031ae19ef43d0eece850217b76cf1d0118fdd8e059652d7023d4aff",
      "dependencies": [
        "jsr:@deno/cache-dir",
        "jsr:@std/fmt",
        "jsr:@std/fs@~0.218.2",
        "jsr:@std/path@~0.218.2",
        "npm:@ts-morph/bootstrap",
        "npm:code-block-writer"
      ]
    },
    "@deno/graph@0.69.7": {
      "integrity": "2acb19581422608ed41f8f885d8e4fb73475c6ae1951973073ea76cd8ecf1ef7"
    },
    "@std/assert@0.218.2": {
      "integrity": "7f0a5a1a8cf86607cd6c2c030584096e1ffad27fc9271429a8cb48cfbdee5eaf"
    },
    "@std/assert@1.0.8": {
      "integrity": "ebe0bd7eb488ee39686f77003992f389a06c3da1bbd8022184804852b2fa641b",
      "dependencies": [
        "jsr:@std/internal"
      ]
    },
    "@std/bytes@0.218.2": {
      "integrity": "91fe54b232dcca73856b79a817247f4a651dbb60d51baafafb6408c137241670"
    },
    "@std/data-structures@1.0.4": {
      "integrity": "fa0e20c11eb9ba673417450915c750a0001405a784e2a4e0c3725031681684a0"
    },
    "@std/expect@1.0.8": {
      "integrity": "27e40d8f3aefb372fc6a703fb0b69e34560e72a2f78705178babdffa00119a5f",
      "dependencies": [
        "jsr:@std/assert@^1.0.8",
        "jsr:@std/internal"
      ]
    },
    "@std/fmt@0.218.2": {
      "integrity": "99526449d2505aa758b6cbef81e7dd471d8b28ec0dcb1491d122b284c548788a"
    },
    "@std/fs@0.218.2": {
      "integrity": "dd9431453f7282e8c577cc22c9e6d036055a9a980b5549f887d6012969fabcca",
      "dependencies": [
        "jsr:@std/assert@~0.218.2",
        "jsr:@std/path@~0.218.2"
      ]
    },
    "@std/fs@1.0.5": {
      "integrity": "41806ad6823d0b5f275f9849a2640d87e4ef67c51ee1b8fb02426f55e02fd44e",
      "dependencies": [
        "jsr:@std/path@^1.0.7"
      ]
    },
    "@std/internal@1.0.5": {
      "integrity": "54a546004f769c1ac9e025abd15a76b6671ddc9687e2313b67376125650dc7ba"
    },
    "@std/io@0.218.2": {
      "integrity": "c64fbfa087b7c9d4d386c5672f291f607d88cb7d44fc299c20c713e345f2785f",
      "dependencies": [
        "jsr:@std/assert@~0.218.2",
        "jsr:@std/bytes"
      ]
    },
    "@std/path@0.218.2": {
      "integrity": "b568fd923d9e53ad76d17c513e7310bda8e755a3e825e6289a0ce536404e2662",
      "dependencies": [
        "jsr:@std/assert@~0.218.2"
      ]
    },
    "@std/path@1.0.8": {
      "integrity": "548fa456bb6a04d3c1a1e7477986b6cffbce95102d0bb447c67c4ee70e0364be"
    },
    "@std/testing@1.0.5": {
      "integrity": "6e693cbec94c81a1ad3df668685c7ba8e20742bb10305bc7137faa5cf16d2ec4",
      "dependencies": [
        "jsr:@std/assert@^1.0.8",
        "jsr:@std/data-structures",
        "jsr:@std/fs@^1.0.5",
        "jsr:@std/internal",
        "jsr:@std/path@^1.0.8"
      ]
    }
  },
  "npm": {
    "@nodelib/fs.scandir@2.1.5": {
      "integrity": "sha512-vq24Bq3ym5HEQm2NKCr3yXDwjc7vTsEThRDnkp2DK9p1uqLR+DHurm/NOTo0KG7HYHU7eppKZj3MyqYuMBf62g==",
      "dependencies": [
        "@nodelib/fs.stat",
        "run-parallel"
      ]
    },
    "@nodelib/fs.stat@2.0.5": {
      "integrity": "sha512-RkhPPp2zrqDAQA/2jNhnztcPAlv64XdhIp7a7454A5ovI7Bukxgt7MX7udwAu3zg1DcpPU0rz3VV1SeaqvY4+A=="
    },
    "@nodelib/fs.walk@1.2.8": {
      "integrity": "sha512-oGB+UxlgWcgQkgwo8GcEGwemoTFt3FIO9ababBmaGwXIoBKZ+GTy0pP185beGg7Llih/NSHSV2XAs1lnznocSg==",
      "dependencies": [
        "@nodelib/fs.scandir",
        "fastq"
      ]
    },
    "@ts-morph/bootstrap@0.22.0": {
      "integrity": "sha512-MI5q7pid4swAlE2lcHwHRa6rcjoIMyT6fy8uuZm8BGg7DHGi/H5bQ0GMZzbk3N0r/LfStMdOYPkl+3IwvfIQ2g==",
      "dependencies": [
        "@ts-morph/common"
      ]
    },
    "@ts-morph/common@0.22.0": {
      "integrity": "sha512-HqNBuV/oIlMKdkLshXd1zKBqNQCsuPEsgQOkfFQ/eUKjRlwndXW1AjN9LVkBEIukm00gGXSRmfkl0Wv5VXLnlw==",
      "dependencies": [
        "fast-glob",
        "minimatch",
        "mkdirp",
        "path-browserify"
      ]
    },
    "@types/prop-types@15.7.12": {
      "integrity": "sha512-5zvhXYtRNRluoE/jAp4GVsSduVUzNWKkOZrCDBWYtE7biZywwdC2AcEzg+cSMLFRfVgeAFqpfNabiPjxFddV1Q=="
    },
    "@types/react@18.2.73": {
      "integrity": "sha512-XcGdod0Jjv84HOC7N5ziY3x+qL0AfmubvKOZ9hJjJ2yd5EE+KYjWhdOjt387e9HPheHkdggF9atTifMRtyAaRA==",
      "dependencies": [
        "@types/prop-types",
        "csstype"
      ]
    },
    "@types/react@18.3.12": {
      "integrity": "sha512-D2wOSq/d6Agt28q7rSI3jhU7G6aiuzljDGZ2hTZHIkrTLUI+AF3WMeKkEZ9nN2fkBAlcktT6vcZjDFiIhMYEQw==",
      "dependencies": [
        "@types/prop-types",
        "csstype"
      ]
    },
    "balanced-match@1.0.2": {
      "integrity": "sha512-3oSeUO0TMV67hN1AmbXsK4yaqU7tjiHlbxRDZOpH0KW9+CeX4bRAaX0Anxt0tx2MrpRpWwQaPwIlISEJhYU5Pw=="
    },
    "brace-expansion@2.0.1": {
      "integrity": "sha512-XnAIvQ8eM+kC6aULx6wuQiwVsnzsi9d3WxzV3FpWTGA19F621kwdbsAcFKXgKUHZWsy+mY6iL1sHTxWEFCytDA==",
      "dependencies": [
        "balanced-match"
      ]
    },
    "braces@3.0.2": {
      "integrity": "sha512-b8um+L1RzM3WDSzvhm6gIz1yfTbBt6YTlcEKAvsmqCZZFw46z626lVj9j1yEPW33H5H+lBQpZMP1k8l+78Ha0A==",
      "dependencies": [
        "fill-range"
      ]
    },
    "code-block-writer@13.0.1": {
      "integrity": "sha512-c5or4P6erEA69TxaxTNcHUNcIn+oyxSRTOWV+pSYF+z4epXqNvwvJ70XPGjPNgue83oAFAPBRQYwpAJ/Hpe/Sg=="
    },
    "csstype@3.1.3": {
      "integrity": "sha512-M1uQkMl8rQK/szD0LNhtqxIPLpimGm8sOBwU7lLnCpSbTyY3yeU1Vc7l4KT5zT4s/yOxHH5O7tIuuLOCnLADRw=="
    },
    "fast-glob@3.3.2": {
      "integrity": "sha512-oX2ruAFQwf/Orj8m737Y5adxDQO0LAB7/S5MnxCdTNDd4p6BsyIVsv9JQsATbTSq8KHRpLwIHbVlUNatxd+1Ow==",
      "dependencies": [
        "@nodelib/fs.stat",
        "@nodelib/fs.walk",
        "glob-parent",
        "merge2",
        "micromatch"
      ]
    },
    "fastq@1.17.1": {
      "integrity": "sha512-sRVD3lWVIXWg6By68ZN7vho9a1pQcN/WBFaAAsDDFzlJjvoGx0P8z7V1t72grFJfJhu3YPZBuu25f7Kaw2jN1w==",
      "dependencies": [
        "reusify"
      ]
    },
    "fill-range@7.0.1": {
      "integrity": "sha512-qOo9F+dMUmC2Lcb4BbVvnKJxTPjCm+RRpe4gDuGrzkL7mEVl/djYSu2OdQ2Pa302N4oqkSg9ir6jaLWJ2USVpQ==",
      "dependencies": [
        "to-regex-range"
      ]
    },
    "glob-parent@5.1.2": {
      "integrity": "sha512-AOIgSQCepiJYwP3ARnGx+5VnTu2HBYdzbGP45eLw1vr3zB3vZLeyed1sC9hnbcOc9/SrMyM5RPQrkGz4aS9Zow==",
      "dependencies": [
        "is-glob"
      ]
    },
    "is-extglob@2.1.1": {
      "integrity": "sha512-SbKbANkN603Vi4jEZv49LeVJMn4yGwsbzZworEoyEiutsN3nJYdbO36zfhGJ6QEDpOZIFkDtnq5JRxmvl3jsoQ=="
    },
    "is-glob@4.0.3": {
      "integrity": "sha512-xelSayHH36ZgE7ZWhli7pW34hNbNl8Ojv5KVmkJD4hBdD3th8Tfk9vYasLM+mXWOZhFkgZfxhLSnrwRr4elSSg==",
      "dependencies": [
        "is-extglob"
      ]
    },
    "is-number@7.0.0": {
      "integrity": "sha512-41Cifkg6e8TylSpdtTpeLVMqvSBEVzTttHvERD741+pnZ8ANv0004MRL43QKPDlK9cGvNp6NZWZUBlbGXYxxng=="
    },
    "js-tokens@4.0.0": {
      "integrity": "sha512-RdJUflcE3cUzKiMqQgsCu06FPu9UdIJO0beYbPhHN4k6apgJtifcoCtT9bcxOpYBtpD2kCM6Sbzg4CausW/PKQ=="
    },
    "loose-envify@1.4.0": {
      "integrity": "sha512-lyuxPGr/Wfhrlem2CL/UcnUc1zcqKAImBDzukY7Y5F/yQiNdko6+fRLevlw1HgMySw7f611UIY408EtxRSoK3Q==",
      "dependencies": [
        "js-tokens"
      ]
    },
    "merge2@1.4.1": {
      "integrity": "sha512-8q7VEgMJW4J8tcfVPy8g09NcQwZdbwFEqhe/WZkoIzjn/3TGDwtOCYtXGxA3O8tPzpczCCDgv+P2P5y00ZJOOg=="
    },
    "micromatch@4.0.5": {
      "integrity": "sha512-DMy+ERcEW2q8Z2Po+WNXuw3c5YaUSFjAO5GsJqfEl7UjvtIuFKO6ZrKvcItdy98dwFI2N1tg3zNIdKaQT+aNdA==",
      "dependencies": [
        "braces",
        "picomatch"
      ]
    },
    "minimatch@9.0.3": {
      "integrity": "sha512-RHiac9mvaRw0x3AYRgDC1CxAP7HTcNrrECeA8YYJeWnpo+2Q5CegtZjaotWTWxDG3UeGA1coE05iH1mPjT/2mg==",
      "dependencies": [
        "brace-expansion"
      ]
    },
    "mkdirp@3.0.1": {
      "integrity": "sha512-+NsyUUAZDmo6YVHzL/stxSu3t9YS1iljliy3BSDrXJ/dkn1KYdmtZODGGjLcc9XLgVVpH4KshHB8XmZgMhaBXg=="
    },
    "path-browserify@1.0.1": {
      "integrity": "sha512-b7uo2UCUOYZcnF/3ID0lulOJi/bafxa1xPe7ZPsammBSpjSWQkjNxlt635YGS2MiR9GjvuXCtz2emr3jbsz98g=="
    },
    "picomatch@2.3.1": {
      "integrity": "sha512-JU3teHTNjmE2VCGFzuY8EXzCDVwEqB2a8fsIvwaStHhAWJEeVd1o1QD80CU6+ZdEXXSLbSsuLwJjkCBWqRQUVA=="
    },
    "queue-microtask@1.2.3": {
      "integrity": "sha512-NuaNSa6flKT5JaSYQzJok04JzTL1CA6aGhv5rfLW3PgqA+M2ChpZQnAC8h8i4ZFkBS8X5RqkDBHA7r4hej3K9A=="
    },
    "react@18.2.0": {
      "integrity": "sha512-/3IjMdb2L9QbBdWiW5e3P2/npwMBaU9mHCSCUzNln0ZCYbcfTsGbTJrU/kGemdH2IWmB2ioZ+zkxtmq6g09fGQ==",
      "dependencies": [
        "loose-envify"
      ]
    },
    "reusify@1.0.4": {
      "integrity": "sha512-U9nH88a3fc/ekCF1l0/UP1IosiuIjyTh7hBvXVMHYgVcfGvt897Xguj2UOLDeI5BG2m7/uwyaLVT6fbtCwTyzw=="
    },
    "run-parallel@1.2.0": {
      "integrity": "sha512-5l4VyZR86LZ/lDxZTR6jqL8AFE2S0IFLMP26AbjsLVADxHdhB/c0GUsH+y39UfCi3dzz8OlQuPmnaJOMoDHQBA==",
      "dependencies": [
        "queue-microtask"
      ]
    },
    "to-regex-range@5.0.1": {
      "integrity": "sha512-65P7iz6X5yEr1cwcgvQxbbIw7Uk3gOy5dIdtZ4rDveLqhrdJP+Li/Hx6tyK0NEb+2GCyneCMJiGqrADCSNk8sQ==",
      "dependencies": [
        "is-number"
      ]
    }
  },
  "redirects": {
    "https://esm.sh/react@18": "https://esm.sh/react@18.2.0",
    "https://esm.sh/v128/@types/react@~18.2/index.d.ts": "https://esm.sh/v128/@types/react@18.2.38/index.d.ts"
  },
  "remote": {
    "https://esm.sh/react@18.2.0": "8950a34a030620fce8349d6bd3913b3bdb186c5ec7968fa5ba4d054e22d78e6c",
    "https://esm.sh/stable/react@18.2.0/denonext/react.mjs": "3c4f23bcfc53b256fcfaf6f834fa9f584c3bb7be667b2682c6cb6ba8ef88f8e6"
  },
  "workspace": {
    "dependencies": [
      "jsr:@deno/dnt@~0.41.1",
      "jsr:@std/expect@^1.0.8",
      "jsr:@std/testing@^1.0.5",
      "npm:@types/react@^18.3.12",
      "npm:react@18"
    ]
  }
}
